// !$*UTF8*$!
{
	archiveVersion = 1;
	classes = {
	};
	objectVersion = 50;
	objects = {

/* Begin PBXBuildFile section */
		F9569BE82335D30A004355C5 /* AppDelegate.swift in Sources */ = {isa = PBXBuildFile; fileRef = F9569BE72335D30A004355C5 /* AppDelegate.swift */; };
		F9569BEA2335D30A004355C5 /* FirstViewController.swift in Sources */ = {isa = PBXBuildFile; fileRef = F9569BE92335D30A004355C5 /* FirstViewController.swift */; };
		F9569BEC2335D30A004355C5 /* SecondViewController.swift in Sources */ = {isa = PBXBuildFile; fileRef = F9569BEB2335D30A004355C5 /* SecondViewController.swift */; };
		F9569BEF2335D30A004355C5 /* Main.storyboard in Resources */ = {isa = PBXBuildFile; fileRef = F9569BED2335D30A004355C5 /* Main.storyboard */; };
		F9569BF12335D30A004355C5 /* Assets.xcassets in Resources */ = {isa = PBXBuildFile; fileRef = F9569BF02335D30A004355C5 /* Assets.xcassets */; };
		F9569BF42335D30A004355C5 /* LaunchScreen.storyboard in Resources */ = {isa = PBXBuildFile; fileRef = F9569BF22335D30A004355C5 /* LaunchScreen.storyboard */; };
		F9569BFF2335D30A004355C5 /* MusicPlayerTests.swift in Sources */ = {isa = PBXBuildFile; fileRef = F9569BFE2335D30A004355C5 /* MusicPlayerTests.swift */; };
		F9569C0A2335D30A004355C5 /* MusicPlayerUITests.swift in Sources */ = {isa = PBXBuildFile; fileRef = F9569C092335D30A004355C5 /* MusicPlayerUITests.swift */; };
		F9569C1A2335D475004355C5 /* DeadMau5 - Strobe (Radio Edit).mp3 in Resources */ = {isa = PBXBuildFile; fileRef = F9569C182335D475004355C5 /* DeadMau5 - Strobe (Radio Edit).mp3 */; };
		F9569C1B2335D475004355C5 /* Post Malone - Goodbyes (Lyrics) ft. Young Thug.mp3 in Resources */ = {isa = PBXBuildFile; fileRef = F9569C192335D475004355C5 /* Post Malone - Goodbyes (Lyrics) ft. Young Thug.mp3 */; };
/* End PBXBuildFile section */

/* Begin PBXContainerItemProxy section */
		F9569BFB2335D30A004355C5 /* PBXContainerItemProxy */ = {
			isa = PBXContainerItemProxy;
			containerPortal = F9569BDC2335D30A004355C5 /* Project object */;
			proxyType = 1;
			remoteGlobalIDString = F9569BE32335D30A004355C5;
			remoteInfo = MusicPlayer;
		};
		F9569C062335D30A004355C5 /* PBXContainerItemProxy */ = {
			isa = PBXContainerItemProxy;
			containerPortal = F9569BDC2335D30A004355C5 /* Project object */;
			proxyType = 1;
			remoteGlobalIDString = F9569BE32335D30A004355C5;
			remoteInfo = MusicPlayer;
		};
/* End PBXContainerItemProxy section */

/* Begin PBXFileReference section */
		F9569BE42335D30A004355C5 /* MusicPlayer.app */ = {isa = PBXFileReference; explicitFileType = wrapper.application; includeInIndex = 0; path = MusicPlayer.app; sourceTree = BUILT_PRODUCTS_DIR; };
		F9569BE72335D30A004355C5 /* AppDelegate.swift */ = {isa = PBXFileReference; lastKnownFileType = sourcecode.swift; path = AppDelegate.swift; sourceTree = "<group>"; };
		F9569BE92335D30A004355C5 /* FirstViewController.swift */ = {isa = PBXFileReference; lastKnownFileType = sourcecode.swift; path = FirstViewController.swift; sourceTree = "<group>"; };
		F9569BEB2335D30A004355C5 /* SecondViewController.swift */ = {isa = PBXFileReference; lastKnownFileType = sourcecode.swift; path = SecondViewController.swift; sourceTree = "<group>"; };
		F9569BEE2335D30A004355C5 /* Base */ = {isa = PBXFileReference; lastKnownFileType = file.storyboard; name = Base; path = Base.lproj/Main.storyboard; sourceTree = "<group>"; };
		F9569BF02335D30A004355C5 /* Assets.xcassets */ = {isa = PBXFileReference; lastKnownFileType = folder.assetcatalog; path = Assets.xcassets; sourceTree = "<group>"; };
		F9569BF32335D30A004355C5 /* Base */ = {isa = PBXFileReference; lastKnownFileType = file.storyboard; name = Base; path = Base.lproj/LaunchScreen.storyboard; sourceTree = "<group>"; };
		F9569BF52335D30A004355C5 /* Info.plist */ = {isa = PBXFileReference; lastKnownFileType = text.plist.xml; path = Info.plist; sourceTree = "<group>"; };
		F9569BFA2335D30A004355C5 /* MusicPlayerTests.xctest */ = {isa = PBXFileReference; explicitFileType = wrapper.cfbundle; includeInIndex = 0; path = MusicPlayerTests.xctest; sourceTree = BUILT_PRODUCTS_DIR; };
		F9569BFE2335D30A004355C5 /* MusicPlayerTests.swift */ = {isa = PBXFileReference; lastKnownFileType = sourcecode.swift; path = MusicPlayerTests.swift; sourceTree = "<group>"; };
		F9569C002335D30A004355C5 /* Info.plist */ = {isa = PBXFileReference; lastKnownFileType = text.plist.xml; path = Info.plist; sourceTree = "<group>"; };
		F9569C052335D30A004355C5 /* MusicPlayerUITests.xctest */ = {isa = PBXFileReference; explicitFileType = wrapper.cfbundle; includeInIndex = 0; path = MusicPlayerUITests.xctest; sourceTree = BUILT_PRODUCTS_DIR; };
		F9569C092335D30A004355C5 /* MusicPlayerUITests.swift */ = {isa = PBXFileReference; lastKnownFileType = sourcecode.swift; path = MusicPlayerUITests.swift; sourceTree = "<group>"; };
		F9569C0B2335D30A004355C5 /* Info.plist */ = {isa = PBXFileReference; lastKnownFileType = text.plist.xml; path = Info.plist; sourceTree = "<group>"; };
		F9569C182335D475004355C5 /* DeadMau5 - Strobe (Radio Edit).mp3 */ = {isa = PBXFileReference; lastKnownFileType = audio.mp3; path = "DeadMau5 - Strobe (Radio Edit).mp3"; sourceTree = "<group>"; };
		F9569C192335D475004355C5 /* Post Malone - Goodbyes (Lyrics) ft. Young Thug.mp3 */ = {isa = PBXFileReference; lastKnownFileType = audio.mp3; path = "Post Malone - Goodbyes (Lyrics) ft. Young Thug.mp3"; sourceTree = "<group>"; };
/* End PBXFileReference section */

/* Begin PBXFrameworksBuildPhase section */
		F9569BE12335D30A004355C5 /* Frameworks */ = {
			isa = PBXFrameworksBuildPhase;
			buildActionMask = 2147483647;
			files = (
			);
			runOnlyForDeploymentPostprocessing = 0;
		};
		F9569BF72335D30A004355C5 /* Frameworks */ = {
			isa = PBXFrameworksBuildPhase;
			buildActionMask = 2147483647;
			files = (
			);
			runOnlyForDeploymentPostprocessing = 0;
		};
		F9569C022335D30A004355C5 /* Frameworks */ = {
			isa = PBXFrameworksBuildPhase;
			buildActionMask = 2147483647;
			files = (
			);
			runOnlyForDeploymentPostprocessing = 0;
		};
/* End PBXFrameworksBuildPhase section */

/* Begin PBXGroup section */
		F9569BDB2335D30A004355C5 = {
			isa = PBXGroup;
			children = (
				F9569BE62335D30A004355C5 /* MusicPlayer */,
				F9569BFD2335D30A004355C5 /* MusicPlayerTests */,
				F9569C082335D30A004355C5 /* MusicPlayerUITests */,
				F9569BE52335D30A004355C5 /* Products */,
			);
			sourceTree = "<group>";
		};
		F9569BE52335D30A004355C5 /* Products */ = {
			isa = PBXGroup;
			children = (
				F9569BE42335D30A004355C5 /* MusicPlayer.app */,
				F9569BFA2335D30A004355C5 /* MusicPlayerTests.xctest */,
				F9569C052335D30A004355C5 /* MusicPlayerUITests.xctest */,
			);
			name = Products;
			sourceTree = "<group>";
		};
		F9569BE62335D30A004355C5 /* MusicPlayer */ = {
			isa = PBXGroup;
			children = (
				F9569BE72335D30A004355C5 /* AppDelegate.swift */,
				F9569BE92335D30A004355C5 /* FirstViewController.swift */,
				F9569BEB2335D30A004355C5 /* SecondViewController.swift */,
				F9569BED2335D30A004355C5 /* Main.storyboard */,
				F9569BF02335D30A004355C5 /* Assets.xcassets */,
				F9569BF22335D30A004355C5 /* LaunchScreen.storyboard */,
				F9569BF52335D30A004355C5 /* Info.plist */,
				F9569C172335D475004355C5 /* Songs */,
			);
			path = MusicPlayer;
			sourceTree = "<group>";
		};
		F9569BFD2335D30A004355C5 /* MusicPlayerTests */ = {
			isa = PBXGroup;
			children = (
				F9569BFE2335D30A004355C5 /* MusicPlayerTests.swift */,
				F9569C002335D30A004355C5 /* Info.plist */,
			);
			path = MusicPlayerTests;
			sourceTree = "<group>";
		};
		F9569C082335D30A004355C5 /* MusicPlayerUITests */ = {
			isa = PBXGroup;
			children = (
				F9569C092335D30A004355C5 /* MusicPlayerUITests.swift */,
				F9569C0B2335D30A004355C5 /* Info.plist */,
			);
			path = MusicPlayerUITests;
			sourceTree = "<group>";
		};
		F9569C172335D475004355C5 /* Songs */ = {
			isa = PBXGroup;
			children = (
				F9569C182335D475004355C5 /* DeadMau5 - Strobe (Radio Edit).mp3 */,
				F9569C192335D475004355C5 /* Post Malone - Goodbyes (Lyrics) ft. Young Thug.mp3 */,
			);
			path = Songs;
			sourceTree = "<group>";
		};
/* End PBXGroup section */

/* Begin PBXNativeTarget section */
		F9569BE32335D30A004355C5 /* MusicPlayer */ = {
			isa = PBXNativeTarget;
			buildConfigurationList = F9569C0E2335D30A004355C5 /* Build configuration list for PBXNativeTarget "MusicPlayer" */;
			buildPhases = (
				F9569BE02335D30A004355C5 /* Sources */,
				F9569BE12335D30A004355C5 /* Frameworks */,
				F9569BE22335D30A004355C5 /* Resources */,
			);
			buildRules = (
			);
			dependencies = (
			);
			name = MusicPlayer;
			productName = MusicPlayer;
			productReference = F9569BE42335D30A004355C5 /* MusicPlayer.app */;
			productType = "com.apple.product-type.application";
		};
		F9569BF92335D30A004355C5 /* MusicPlayerTests */ = {
			isa = PBXNativeTarget;
			buildConfigurationList = F9569C112335D30A004355C5 /* Build configuration list for PBXNativeTarget "MusicPlayerTests" */;
			buildPhases = (
				F9569BF62335D30A004355C5 /* Sources */,
				F9569BF72335D30A004355C5 /* Frameworks */,
				F9569BF82335D30A004355C5 /* Resources */,
			);
			buildRules = (
			);
			dependencies = (
				F9569BFC2335D30A004355C5 /* PBXTargetDependency */,
			);
			name = MusicPlayerTests;
			productName = MusicPlayerTests;
			productReference = F9569BFA2335D30A004355C5 /* MusicPlayerTests.xctest */;
			productType = "com.apple.product-type.bundle.unit-test";
		};
		F9569C042335D30A004355C5 /* MusicPlayerUITests */ = {
			isa = PBXNativeTarget;
			buildConfigurationList = F9569C142335D30A004355C5 /* Build configuration list for PBXNativeTarget "MusicPlayerUITests" */;
			buildPhases = (
				F9569C012335D30A004355C5 /* Sources */,
				F9569C022335D30A004355C5 /* Frameworks */,
				F9569C032335D30A004355C5 /* Resources */,
			);
			buildRules = (
			);
			dependencies = (
				F9569C072335D30A004355C5 /* PBXTargetDependency */,
			);
			name = MusicPlayerUITests;
			productName = MusicPlayerUITests;
			productReference = F9569C052335D30A004355C5 /* MusicPlayerUITests.xctest */;
			productType = "com.apple.product-type.bundle.ui-testing";
		};
/* End PBXNativeTarget section */

/* Begin PBXProject section */
		F9569BDC2335D30A004355C5 /* Project object */ = {
			isa = PBXProject;
			attributes = {
				LastSwiftUpdateCheck = 1030;
				LastUpgradeCheck = 1030;
				ORGANIZATIONNAME = "Will Chen";
				TargetAttributes = {
					F9569BE32335D30A004355C5 = {
						CreatedOnToolsVersion = 10.3;
					};
					F9569BF92335D30A004355C5 = {
						CreatedOnToolsVersion = 10.3;
						TestTargetID = F9569BE32335D30A004355C5;
					};
					F9569C042335D30A004355C5 = {
						CreatedOnToolsVersion = 10.3;
						TestTargetID = F9569BE32335D30A004355C5;
					};
				};
			};
			buildConfigurationList = F9569BDF2335D30A004355C5 /* Build configuration list for PBXProject "MusicPlayer" */;
			compatibilityVersion = "Xcode 9.3";
			developmentRegion = en;
			hasScannedForEncodings = 0;
			knownRegions = (
				en,
				Base,
			);
			mainGroup = F9569BDB2335D30A004355C5;
			productRefGroup = F9569BE52335D30A004355C5 /* Products */;
			projectDirPath = "";
			projectRoot = "";
			targets = (
				F9569BE32335D30A004355C5 /* MusicPlayer */,
				F9569BF92335D30A004355C5 /* MusicPlayerTests */,
				F9569C042335D30A004355C5 /* MusicPlayerUITests */,
			);
		};
/* End PBXProject section */

/* Begin PBXResourcesBuildPhase section */
		F9569BE22335D30A004355C5 /* Resources */ = {
			isa = PBXResourcesBuildPhase;
			buildActionMask = 2147483647;
			files = (
				F9569C1A2335D475004355C5 /* DeadMau5 - Strobe (Radio Edit).mp3 in Resources */,
				F9569BF42335D30A004355C5 /* LaunchScreen.storyboard in Resources */,
				F9569BF12335D30A004355C5 /* Assets.xcassets in Resources */,
				F9569C1B2335D475004355C5 /* Post Malone - Goodbyes (Lyrics) ft. Young Thug.mp3 in Resources */,
				F9569BEF2335D30A004355C5 /* Main.storyboard in Resources */,
			);
			runOnlyForDeploymentPostprocessing = 0;
		};
		F9569BF82335D30A004355C5 /* Resources */ = {
			isa = PBXResourcesBuildPhase;
			buildActionMask = 2147483647;
			files = (
			);
			runOnlyForDeploymentPostprocessing = 0;
		};
		F9569C032335D30A004355C5 /* Resources */ = {
			isa = PBXResourcesBuildPhase;
			buildActionMask = 2147483647;
			files = (
			);
			runOnlyForDeploymentPostprocessing = 0;
		};
/* End PBXResourcesBuildPhase section */

/* Begin PBXSourcesBuildPhase section */
		F9569BE02335D30A004355C5 /* Sources */ = {
			isa = PBXSourcesBuildPhase;
			buildActionMask = 2147483647;
			files = (
				F9569BEC2335D30A004355C5 /* SecondViewController.swift in Sources */,
				F9569BE82335D30A004355C5 /* AppDelegate.swift in Sources */,
				F9569BEA2335D30A004355C5 /* FirstViewController.swift in Sources */,
			);
			runOnlyForDeploymentPostprocessing = 0;
		};
		F9569BF62335D30A004355C5 /* Sources */ = {
			isa = PBXSourcesBuildPhase;
			buildActionMask = 2147483647;
			files = (
				F9569BFF2335D30A004355C5 /* MusicPlayerTests.swift in Sources */,
			);
			runOnlyForDeploymentPostprocessing = 0;
		};
		F9569C012335D30A004355C5 /* Sources */ = {
			isa = PBXSourcesBuildPhase;
			buildActionMask = 2147483647;
			files = (
				F9569C0A2335D30A004355C5 /* MusicPlayerUITests.swift in Sources */,
			);
			runOnlyForDeploymentPostprocessing = 0;
		};
/* End PBXSourcesBuildPhase section */

/* Begin PBXTargetDependency section */
		F9569BFC2335D30A004355C5 /* PBXTargetDependency */ = {
			isa = PBXTargetDependency;
			target = F9569BE32335D30A004355C5 /* MusicPlayer */;
			targetProxy = F9569BFB2335D30A004355C5 /* PBXContainerItemProxy */;
		};
		F9569C072335D30A004355C5 /* PBXTargetDependency */ = {
			isa = PBXTargetDependency;
			target = F9569BE32335D30A004355C5 /* MusicPlayer */;
			targetProxy = F9569C062335D30A004355C5 /* PBXContainerItemProxy */;
		};
/* End PBXTargetDependency section */

/* Begin PBXVariantGroup section */
		F9569BED2335D30A004355C5 /* Main.storyboard */ = {
			isa = PBXVariantGroup;
			children = (
				F9569BEE2335D30A004355C5 /* Base */,
			);
			name = Main.storyboard;
			sourceTree = "<group>";
		};
		F9569BF22335D30A004355C5 /* LaunchScreen.storyboard */ = {
			isa = PBXVariantGroup;
			children = (
				F9569BF32335D30A004355C5 /* Base */,
			);
			name = LaunchScreen.storyboard;
			sourceTree = "<group>";
		};
/* End PBXVariantGroup section */

/* Begin XCBuildConfiguration section */
		F9569C0C2335D30A004355C5 /* Debug */ = {
			isa = XCBuildConfiguration;
			buildSettings = {
				ALWAYS_SEARCH_USER_PATHS = NO;
				CLANG_ANALYZER_NONNULL = YES;
				CLANG_ANALYZER_NUMBER_OBJECT_CONVERSION = YES_AGGRESSIVE;
				CLANG_CXX_LANGUAGE_STANDARD = "gnu++14";
				CLANG_CXX_LIBRARY = "libc++";
				CLANG_ENABLE_MODULES = YES;
				CLANG_ENABLE_OBJC_ARC = YES;
				CLANG_ENABLE_OBJC_WEAK = YES;
				CLANG_WARN_BLOCK_CAPTURE_AUTORELEASING = YES;
				CLANG_WARN_BOOL_CONVERSION = YES;
				CLANG_WARN_COMMA = YES;
				CLANG_WARN_CONSTANT_CONVERSION = YES;
				CLANG_WARN_DEPRECATED_OBJC_IMPLEMENTATIONS = YES;
				CLANG_WARN_DIRECT_OBJC_ISA_USAGE = YES_ERROR;
				CLANG_WARN_DOCUMENTATION_COMMENTS = YES;
				CLANG_WARN_EMPTY_BODY = YES;
				CLANG_WARN_ENUM_CONVERSION = YES;
				CLANG_WARN_INFINITE_RECURSION = YES;
				CLANG_WARN_INT_CONVERSION = YES;
				CLANG_WARN_NON_LITERAL_NULL_CONVERSION = YES;
				CLANG_WARN_OBJC_IMPLICIT_RETAIN_SELF = YES;
				CLANG_WARN_OBJC_LITERAL_CONVERSION = YES;
				CLANG_WARN_OBJC_ROOT_CLASS = YES_ERROR;
				CLANG_WARN_RANGE_LOOP_ANALYSIS = YES;
				CLANG_WARN_STRICT_PROTOTYPES = YES;
				CLANG_WARN_SUSPICIOUS_MOVE = YES;
				CLANG_WARN_UNGUARDED_AVAILABILITY = YES_AGGRESSIVE;
				CLANG_WARN_UNREACHABLE_CODE = YES;
				CLANG_WARN__DUPLICATE_METHOD_MATCH = YES;
				CODE_SIGN_IDENTITY = "iPhone Developer";
				COPY_PHASE_STRIP = NO;
				DEBUG_INFORMATION_FORMAT = dwarf;
				ENABLE_STRICT_OBJC_MSGSEND = YES;
				ENABLE_TESTABILITY = YES;
				GCC_C_LANGUAGE_STANDARD = gnu11;
				GCC_DYNAMIC_NO_PIC = NO;
				GCC_NO_COMMON_BLOCKS = YES;
				GCC_OPTIMIZATION_LEVEL = 0;
				GCC_PREPROCESSOR_DEFINITIONS = (
					"DEBUG=1",
					"$(inherited)",
				);
				GCC_WARN_64_TO_32_BIT_CONVERSION = YES;
				GCC_WARN_ABOUT_RETURN_TYPE = YES_ERROR;
				GCC_WARN_UNDECLARED_SELECTOR = YES;
				GCC_WARN_UNINITIALIZED_AUTOS = YES_AGGRESSIVE;
				GCC_WARN_UNUSED_FUNCTION = YES;
				GCC_WARN_UNUSED_VARIABLE = YES;
				IPHONEOS_DEPLOYMENT_TARGET = 12.4;
				MTL_ENABLE_DEBUG_INFO = INCLUDE_SOURCE;
				MTL_FAST_MATH = YES;
				ONLY_ACTIVE_ARCH = YES;
				SDKROOT = iphoneos;
				SWIFT_ACTIVE_COMPILATION_CONDITIONS = DEBUG;
				SWIFT_OPTIMIZATION_LEVEL = "-Onone";
			};
			name = Debug;
		};
		F9569C0D2335D30A004355C5 /* Release */ = {
			isa = XCBuildConfiguration;
			buildSettings = {
				ALWAYS_SEARCH_USER_PATHS = NO;
				CLANG_ANALYZER_NONNULL = YES;
				CLANG_ANALYZER_NUMBER_OBJECT_CONVERSION = YES_AGGRESSIVE;
				CLANG_CXX_LANGUAGE_STANDARD = "gnu++14";
				CLANG_CXX_LIBRARY = "libc++";
				CLANG_ENABLE_MODULES = YES;
				CLANG_ENABLE_OBJC_ARC = YES;
				CLANG_ENABLE_OBJC_WEAK = YES;
				CLANG_WARN_BLOCK_CAPTURE_AUTORELEASING = YES;
				CLANG_WARN_BOOL_CONVERSION = YES;
				CLANG_WARN_COMMA = YES;
				CLANG_WARN_CONSTANT_CONVERSION = YES;
				CLANG_WARN_DEPRECATED_OBJC_IMPLEMENTATIONS = YES;
				CLANG_WARN_DIRECT_OBJC_ISA_USAGE = YES_ERROR;
				CLANG_WARN_DOCUMENTATION_COMMENTS = YES;
				CLANG_WARN_EMPTY_BODY = YES;
				CLANG_WARN_ENUM_CONVERSION = YES;
				CLANG_WARN_INFINITE_RECURSION = YES;
				CLANG_WARN_INT_CONVERSION = YES;
				CLANG_WARN_NON_LITERAL_NULL_CONVERSION = YES;
				CLANG_WARN_OBJC_IMPLICIT_RETAIN_SELF = YES;
				CLANG_WARN_OBJC_LITERAL_CONVERSION = YES;
				CLANG_WARN_OBJC_ROOT_CLASS = YES_ERROR;
				CLANG_WARN_RANGE_LOOP_ANALYSIS = YES;
				CLANG_WARN_STRICT_PROTOTYPES = YES;
				CLANG_WARN_SUSPICIOUS_MOVE = YES;
				CLANG_WARN_UNGUARDED_AVAILABILITY = YES_AGGRESSIVE;
				CLANG_WARN_UNREACHABLE_CODE = YES;
				CLANG_WARN__DUPLICATE_METHOD_MATCH = YES;
				CODE_SIGN_IDENTITY = "iPhone Developer";
				COPY_PHASE_STRIP = NO;
				DEBUG_INFORMATION_FORMAT = "dwarf-with-dsym";
				ENABLE_NS_ASSERTIONS = NO;
				ENABLE_STRICT_OBJC_MSGSEND = YES;
				GCC_C_LANGUAGE_STANDARD = gnu11;
				GCC_NO_COMMON_BLOCKS = YES;
				GCC_WARN_64_TO_32_BIT_CONVERSION = YES;
				GCC_WARN_ABOUT_RETURN_TYPE = YES_ERROR;
				GCC_WARN_UNDECLARED_SELECTOR = YES;
				GCC_WARN_UNINITIALIZED_AUTOS = YES_AGGRESSIVE;
				GCC_WARN_UNUSED_FUNCTION = YES;
				GCC_WARN_UNUSED_VARIABLE = YES;
				IPHONEOS_DEPLOYMENT_TARGET = 12.4;
				MTL_ENABLE_DEBUG_INFO = NO;
				MTL_FAST_MATH = YES;
				SDKROOT = iphoneos;
				SWIFT_COMPILATION_MODE = wholemodule;
				SWIFT_OPTIMIZATION_LEVEL = "-O";
				VALIDATE_PRODUCT = YES;
			};
			name = Release;
		};
		F9569C0F2335D30A004355C5 /* Debug */ = {
			isa = XCBuildConfiguration;
			buildSettings = {
				ASSETCATALOG_COMPILER_APPICON_NAME = AppIcon;
				CODE_SIGN_STYLE = Automatic;
				DEVELOPMENT_TEAM = F438Z7545Y;
				INFOPLIST_FILE = MusicPlayer/Info.plist;
				LD_RUNPATH_SEARCH_PATHS = (
					"$(inherited)",
					"@executable_path/Frameworks",
				);
				PRODUCT_BUNDLE_IDENTIFIER = unitec.MusicPlayer;
				PRODUCT_NAME = "$(TARGET_NAME)";
				SWIFT_VERSION = 5.0;
				TARGETED_DEVICE_FAMILY = "1,2";
			};
			name = Debug;
		};
		F9569C102335D30A004355C5 /* Release */ = {
			isa = XCBuildConfiguration;
			buildSettings = {
				ASSETCATALOG_COMPILER_APPICON_NAME = AppIcon;
				CODE_SIGN_STYLE = Automatic;
				DEVELOPMENT_TEAM = F438Z7545Y;
				INFOPLIST_FILE = MusicPlayer/Info.plist;
				LD_RUNPATH_SEARCH_PATHS = (
					"$(inherited)",
					"@executable_path/Frameworks",
				);
				PRODUCT_BUNDLE_IDENTIFIER = unitec.MusicPlayer;
				PRODUCT_NAME = "$(TARGET_NAME)";
				SWIFT_VERSION = 5.0;
				TARGETED_DEVICE_FAMILY = "1,2";
			};
			name = Release;
		};
		F9569C122335D30A004355C5 /* Debug */ = {
			isa = XCBuildConfiguration;
			buildSettings = {
				ALWAYS_EMBED_SWIFT_STANDARD_LIBRARIES = YES;
				BUNDLE_LOADER = "$(TEST_HOST)";
				CODE_SIGN_STYLE = Automatic;
				DEVELOPMENT_TEAM = F438Z7545Y;
				INFOPLIST_FILE = MusicPlayerTests/Info.plist;
				LD_RUNPATH_SEARCH_PATHS = (
					"$(inherited)",
					"@executable_path/Frameworks",
					"@loader_path/Frameworks",
				);
				PRODUCT_BUNDLE_IDENTIFIER = unitec.MusicPlayerTests;
				PRODUCT_NAME = "$(TARGET_NAME)";
				SWIFT_VERSION = 5.0;
				TARGETED_DEVICE_FAMILY = "1,2";
				TEST_HOST = "$(BUILT_PRODUCTS_DIR)/MusicPlayer.app/MusicPlayer";
			};
			name = Debug;
		};
		F9569C132335D30A004355C5 /* Release */ = {
			isa = XCBuildConfiguration;
			buildSettings = {
				ALWAYS_EMBED_SWIFT_STANDARD_LIBRARIES = YES;
				BUNDLE_LOADER = "$(TEST_HOST)";
				CODE_SIGN_STYLE = Automatic;
				DEVELOPMENT_TEAM = F438Z7545Y;
				INFOPLIST_FILE = MusicPlayerTests/Info.plist;
				LD_RUNPATH_SEARCH_PATHS = (
					"$(inherited)",
					"@executable_path/Frameworks",
					"@loader_path/Frameworks",
				);
				PRODUCT_BUNDLE_IDENTIFIER = unitec.MusicPlayerTests;
				PRODUCT_NAME = "$(TARGET_NAME)";
				SWIFT_VERSION = 5.0;
				TARGETED_DEVICE_FAMILY = "1,2";
				TEST_HOST = "$(BUILT_PRODUCTS_DIR)/MusicPlayer.app/MusicPlayer";
			};
			name = Release;
		};
		F9569C152335D30A004355C5 /* Debug */ = {
			isa = XCBuildConfiguration;
			buildSettings = {
				ALWAYS_EMBED_SWIFT_STANDARD_LIBRARIES = YES;
				CODE_SIGN_STYLE = Automatic;
				DEVELOPMENT_TEAM = F438Z7545Y;
				INFOPLIST_FILE = MusicPlayerUITests/Info.plist;
				LD_RUNPATH_SEARCH_PATHS = (
					"$(inherited)",
					"@executable_path/Frameworks",
					"@loader_path/Frameworks",
				);
				PRODUCT_BUNDLE_IDENTIFIER = unitec.MusicPlayerUITests;
				PRODUCT_NAME = "$(TARGET_NAME)";
				SWIFT_VERSION = 5.0;
				TARGETED_DEVICE_FAMILY = "1,2";
				TEST_TARGET_NAME = MusicPlayer;
			};
			name = Debug;
		};
		F9569C162335D30A004355C5 /* Release */ = {
			isa = XCBuildConfiguration;
			buildSettings = {
				ALWAYS_EMBED_SWIFT_STANDARD_LIBRARIES = YES;
				CODE_SIGN_STYLE = Automatic;
				DEVELOPMENT_TEAM = F438Z7545Y;
				INFOPLIST_FILE = MusicPlayerUITests/Info.plist;
				LD_RUNPATH_SEARCH_PATHS = (
					"$(inherited)",
					"@executable_path/Frameworks",
					"@loader_path/Frameworks",
				);
				PRODUCT_BUNDLE_IDENTIFIER = unitec.MusicPlayerUITests;
				PRODUCT_NAME = "$(TARGET_NAME)";
				SWIFT_VERSION = 5.0;
				TARGETED_DEVICE_FAMILY = "1,2";
				TEST_TARGET_NAME = MusicPlayer;
			};
			name = Release;
		};
/* End XCBuildConfiguration section */

/* Begin XCConfigurationList section */
		F9569BDF2335D30A004355C5 /* Build configuration list for PBXProject "MusicPlayer" */ = {
			isa = XCConfigurationList;
			buildConfigurations = (
				F9569C0C2335D30A004355C5 /* Debug */,
				F9569C0D2335D30A004355C5 /* Release */,
			);
			defaultConfigurationIsVisible = 0;
			defaultConfigurationName = Release;
		};
		F9569C0E2335D30A004355C5 /* Build configuration list for PBXNativeTarget "MusicPlayer" */ = {
			isa = XCConfigurationList;
			buildConfigurations = (
				F9569C0F2335D30A004355C5 /* Debug */,
				F9569C102335D30A004355C5 /* Release */,
			);
			defaultConfigurationIsVisible = 0;
			defaultConfigurationName = Release;
		};
		F9569C112335D30A004355C5 /* Build configuration list for PBXNativeTarget "MusicPlayerTests" */ = {
			isa = XCConfigurationList;
			buildConfigurations = (
				F9569C122335D30A004355C5 /* Debug */,
				F9569C132335D30A004355C5 /* Release */,
			);
			defaultConfigurationIsVisible = 0;
			defaultConfigurationName = Release;
		};
		F9569C142335D30A004355C5 /* Build configuration list for PBXNativeTarget "MusicPlayerUITests" */ = {
			isa = XCConfigurationList;
			buildConfigurations = (
				F9569C152335D30A004355C5 /* Debug */,
				F9569C162335D30A004355C5 /* Release */,
			);
			defaultConfigurationIsVisible = 0;
			defaultConfigurationName = Release;
		};
/* End XCConfigurationList section */
	};
	rootObject = F9569BDC2335D30A004355C5 /* Project object */;
}
